
Microsoft Visual Studio Solution File, Format Version 12.00
# Visual Studio Version 16
VisualStudioVersion = 16.0.31105.61
MinimumVisualStudioVersion = 10.0.40219.1
Project("{FAE04EC0-301F-11D3-BF4B-00C04F79EFBC}") = "Numero21", "Numero21\Numero21.csproj", "{7E31126B-814F-49BF-B2C1-708BE430D581}"
EndProject
Project("{FAE04EC0-301F-11D3-BF4B-00C04F79EFBC}") = "Numero22", "Numero22\Numero22.csproj", "{EE1261D1-F841-49C9-AD3F-B08704D67B42}"
EndProject
Project("{FAE04EC0-301F-11D3-BF4B-00C04F79EFBC}") = "Numero23", "Numero23\Numero23.csproj", "{81B786D7-0D6F-4665-84A8-BC539DF5C80B}"
EndProject
Global
	GlobalSection(SolutionConfigurationPlatforms) = preSolution
		Debug|Any CPU = Debug|Any CPU
		Release|Any CPU = Release|Any CPU
	EndGlobalSection
	GlobalSection(ProjectConfigurationPlatforms) = postSolution
		{7E31126B-814F-49BF-B2C1-708BE430D581}.Debug|Any CPU.ActiveCfg = Debug|Any CPU
		{7E31126B-814F-49BF-B2C1-708BE430D581}.Debug|Any CPU.Build.0 = Debug|Any CPU
		{7E31126B-814F-49BF-B2C1-708BE430D581}.Release|Any CPU.ActiveCfg = Release|Any CPU
		{7E31126B-814F-49BF-B2C1-708BE430D581}.Release|Any CPU.Build.0 = Release|Any CPU
		{EE1261D1-F841-49C9-AD3F-B08704D67B42}.Debug|Any CPU.ActiveCfg = Debug|Any CPU
		{EE1261D1-F841-49C9-AD3F-B08704D67B42}.Debug|Any CPU.Build.0 = Debug|Any CPU
		{EE1261D1-F841-49C9-AD3F-B08704D67B42}.Release|Any CPU.ActiveCfg = Release|Any CPU
		{EE1261D1-F841-49C9-AD3F-B08704D67B42}.Release|Any CPU.Build.0 = Release|Any CPU
		{81B786D7-0D6F-4665-84A8-BC539DF5C80B}.Debug|Any CPU.ActiveCfg = Debug|Any CPU
		{81B786D7-0D6F-4665-84A8-BC539DF5C80B}.Debug|Any CPU.Build.0 = Debug|Any CPU
		{81B786D7-0D6F-4665-84A8-BC539DF5C80B}.Release|Any CPU.ActiveCfg = Release|Any CPU
		{81B786D7-0D6F-4665-84A8-BC539DF5C80B}.Release|Any CPU.Build.0 = Release|Any CPU
	EndGlobalSection
	GlobalSection(SolutionProperties) = preSolution
		HideSolutionNode = FALSE
	EndGlobalSection
	GlobalSection(ExtensibilityGlobals) = postSolution
		SolutionGuid = {6746E02D-58FF-4302-AD47-3DA4384900C9}
	EndGlobalSection
EndGlobal
