
Microsoft Visual Studio Solution File, Format Version 12.00
# Visual Studio Version 16
VisualStudioVersion = 16.0.31105.61
MinimumVisualStudioVersion = 10.0.40219.1
Project("{FAE04EC0-301F-11D3-BF4B-00C04F79EFBC}") = "Numero1", "Numero1\Numero1.csproj", "{5053DAC5-4E95-4D58-9614-DEFBA50CAE8A}"
EndProject
Global
	GlobalSection(SolutionConfigurationPlatforms) = preSolution
		Debug|Any CPU = Debug|Any CPU
		Release|Any CPU = Release|Any CPU
	EndGlobalSection
	GlobalSection(ProjectConfigurationPlatforms) = postSolution
		{5053DAC5-4E95-4D58-9614-DEFBA50CAE8A}.Debug|Any CPU.ActiveCfg = Debug|Any CPU
		{5053DAC5-4E95-4D58-9614-DEFBA50CAE8A}.Debug|Any CPU.Build.0 = Debug|Any CPU
		{5053DAC5-4E95-4D58-9614-DEFBA50CAE8A}.Release|Any CPU.ActiveCfg = Release|Any CPU
		{5053DAC5-4E95-4D58-9614-DEFBA50CAE8A}.Release|Any CPU.Build.0 = Release|Any CPU
	EndGlobalSection
	GlobalSection(SolutionProperties) = preSolution
		HideSolutionNode = FALSE
	EndGlobalSection
	GlobalSection(ExtensibilityGlobals) = postSolution
		SolutionGuid = {80A140AE-A193-4587-8FFC-A9A93D18D251}
	EndGlobalSection
EndGlobal
